
Microsoft Visual Studio Solution File, Format Version 12.00
# Visual Studio 15
VisualStudioVersion = 15.0.26124.0
MinimumVisualStudioVersion = 15.0.26124.0
Project("{2150E333-8FDC-42A3-9474-1A3956D46DE8}") = "src", "src", "{AF5DDBDD-1594-4A3B-AC5F-810310F26311}"
EndProject
Project("{FAE04EC0-301F-11D3-BF4B-00C04F79EFBC}") = "SimpleAPI", "src\SimpleAPI\SimpleAPI.csproj", "{8D55E90F-5C80-4EB5-9328-4B102C3C2DAD}"
EndProject
Project("{2150E333-8FDC-42A3-9474-1A3956D46DE8}") = "test", "test", "{3AED3F6A-2919-4395-B039-64AB29706DAC}"
EndProject
Project("{FAE04EC0-301F-11D3-BF4B-00C04F79EFBC}") = "SimpleAPI.Test", "test\SimpleAPI.Test\SimpleAPI.Test.csproj", "{303AF0CC-FBC7-4ED9-A0E2-BC371E216BBE}"
EndProject
Global
	GlobalSection(SolutionConfigurationPlatforms) = preSolution
		Debug|Any CPU = Debug|Any CPU
		Debug|x64 = Debug|x64
		Debug|x86 = Debug|x86
		Release|Any CPU = Release|Any CPU
		Release|x64 = Release|x64
		Release|x86 = Release|x86
	EndGlobalSection
	GlobalSection(SolutionProperties) = preSolution
		HideSolutionNode = FALSE
	EndGlobalSection
	GlobalSection(ProjectConfigurationPlatforms) = postSolution
		{8D55E90F-5C80-4EB5-9328-4B102C3C2DAD}.Debug|Any CPU.ActiveCfg = Debug|Any CPU
		{8D55E90F-5C80-4EB5-9328-4B102C3C2DAD}.Debug|Any CPU.Build.0 = Debug|Any CPU
		{8D55E90F-5C80-4EB5-9328-4B102C3C2DAD}.Debug|x64.ActiveCfg = Debug|Any CPU
		{8D55E90F-5C80-4EB5-9328-4B102C3C2DAD}.Debug|x64.Build.0 = Debug|Any CPU
		{8D55E90F-5C80-4EB5-9328-4B102C3C2DAD}.Debug|x86.ActiveCfg = Debug|Any CPU
		{8D55E90F-5C80-4EB5-9328-4B102C3C2DAD}.Debug|x86.Build.0 = Debug|Any CPU
		{8D55E90F-5C80-4EB5-9328-4B102C3C2DAD}.Release|Any CPU.ActiveCfg = Release|Any CPU
		{8D55E90F-5C80-4EB5-9328-4B102C3C2DAD}.Release|Any CPU.Build.0 = Release|Any CPU
		{8D55E90F-5C80-4EB5-9328-4B102C3C2DAD}.Release|x64.ActiveCfg = Release|Any CPU
		{8D55E90F-5C80-4EB5-9328-4B102C3C2DAD}.Release|x64.Build.0 = Release|Any CPU
		{8D55E90F-5C80-4EB5-9328-4B102C3C2DAD}.Release|x86.ActiveCfg = Release|Any CPU
		{8D55E90F-5C80-4EB5-9328-4B102C3C2DAD}.Release|x86.Build.0 = Release|Any CPU
		{303AF0CC-FBC7-4ED9-A0E2-BC371E216BBE}.Debug|Any CPU.ActiveCfg = Debug|Any CPU
		{303AF0CC-FBC7-4ED9-A0E2-BC371E216BBE}.Debug|Any CPU.Build.0 = Debug|Any CPU
		{303AF0CC-FBC7-4ED9-A0E2-BC371E216BBE}.Debug|x64.ActiveCfg = Debug|Any CPU
		{303AF0CC-FBC7-4ED9-A0E2-BC371E216BBE}.Debug|x64.Build.0 = Debug|Any CPU
		{303AF0CC-FBC7-4ED9-A0E2-BC371E216BBE}.Debug|x86.ActiveCfg = Debug|Any CPU
		{303AF0CC-FBC7-4ED9-A0E2-BC371E216BBE}.Debug|x86.Build.0 = Debug|Any CPU
		{303AF0CC-FBC7-4ED9-A0E2-BC371E216BBE}.Release|Any CPU.ActiveCfg = Release|Any CPU
		{303AF0CC-FBC7-4ED9-A0E2-BC371E216BBE}.Release|Any CPU.Build.0 = Release|Any CPU
		{303AF0CC-FBC7-4ED9-A0E2-BC371E216BBE}.Release|x64.ActiveCfg = Release|Any CPU
		{303AF0CC-FBC7-4ED9-A0E2-BC371E216BBE}.Release|x64.Build.0 = Release|Any CPU
		{303AF0CC-FBC7-4ED9-A0E2-BC371E216BBE}.Release|x86.ActiveCfg = Release|Any CPU
		{303AF0CC-FBC7-4ED9-A0E2-BC371E216BBE}.Release|x86.Build.0 = Release|Any CPU
	EndGlobalSection
	GlobalSection(NestedProjects) = preSolution
		{8D55E90F-5C80-4EB5-9328-4B102C3C2DAD} = {AF5DDBDD-1594-4A3B-AC5F-810310F26311}
		{303AF0CC-FBC7-4ED9-A0E2-BC371E216BBE} = {3AED3F6A-2919-4395-B039-64AB29706DAC}
	EndGlobalSection
EndGlobal
